// !$*UTF8*$!
{
	archiveVersion = 1;
	classes = {
	};
	objectVersion = 50;
	objects = {

/* Begin PBXBuildFile section */
		B652459D23874C50001A5E7F /* ContaController.swift in Sources */ = {isa = PBXBuildFile; fileRef = B652459C23874C50001A5E7F /* ContaController.swift */; };
		B652459F23874C5D001A5E7F /* ReceitaController.swift in Sources */ = {isa = PBXBuildFile; fileRef = B652459E23874C5D001A5E7F /* ReceitaController.swift */; };
		B65245A123874C6C001A5E7F /* DespesaController.swift in Sources */ = {isa = PBXBuildFile; fileRef = B65245A023874C6C001A5E7F /* DespesaController.swift */; };
		B65245A323874C81001A5E7F /* CategoriaController.swift in Sources */ = {isa = PBXBuildFile; fileRef = B65245A223874C81001A5E7F /* CategoriaController.swift */; };
		B65245A523874C9B001A5E7F /* OrcamentoController.swift in Sources */ = {isa = PBXBuildFile; fileRef = B65245A423874C9B001A5E7F /* OrcamentoController.swift */; };
		B65245A723874D04001A5E7F /* GraficoController.swift in Sources */ = {isa = PBXBuildFile; fileRef = B65245A623874D04001A5E7F /* GraficoController.swift */; };
		B65245A923874D10001A5E7F /* MovimentacaoController.swift in Sources */ = {isa = PBXBuildFile; fileRef = B65245A823874D10001A5E7F /* MovimentacaoController.swift */; };
		B6524645238ECBE900E3A848 /* Months.swift in Sources */ = {isa = PBXBuildFile; fileRef = B6524644238ECBE900E3A848 /* Months.swift */; };
		B65AD5492384FBB000A5F221 /* MenuOptionCell.swift in Sources */ = {isa = PBXBuildFile; fileRef = B65AD5482384FBB000A5F221 /* MenuOptionCell.swift */; };
		B65AD54B2385159D00A5F221 /* MenuOption.swift in Sources */ = {isa = PBXBuildFile; fileRef = B65AD54A2385159D00A5F221 /* MenuOption.swift */; };
		B65D1B112384B9FD00B30015 /* AppDelegate.swift in Sources */ = {isa = PBXBuildFile; fileRef = B65D1B102384B9FD00B30015 /* AppDelegate.swift */; };
		B65D1B132384B9FD00B30015 /* SceneDelegate.swift in Sources */ = {isa = PBXBuildFile; fileRef = B65D1B122384B9FD00B30015 /* SceneDelegate.swift */; };
		B65D1B1B2384B9FD00B30015 /* SaveMoney.xcdatamodeld in Sources */ = {isa = PBXBuildFile; fileRef = B65D1B192384B9FD00B30015 /* SaveMoney.xcdatamodeld */; };
		B65D1B1D2384BA0000B30015 /* Assets.xcassets in Resources */ = {isa = PBXBuildFile; fileRef = B65D1B1C2384BA0000B30015 /* Assets.xcassets */; };
		B65D1B202384BA0000B30015 /* LaunchScreen.storyboard in Resources */ = {isa = PBXBuildFile; fileRef = B65D1B1E2384BA0000B30015 /* LaunchScreen.storyboard */; };
		B65D1B2D2384BB4600B30015 /* ContainerController.swift in Sources */ = {isa = PBXBuildFile; fileRef = B65D1B2C2384BB4600B30015 /* ContainerController.swift */; };
		B65D1B2F2384BB5800B30015 /* HomeController.swift in Sources */ = {isa = PBXBuildFile; fileRef = B65D1B2E2384BB5800B30015 /* HomeController.swift */; };
		B65D1B312384BB6400B30015 /* MenuController.swift in Sources */ = {isa = PBXBuildFile; fileRef = B65D1B302384BB6400B30015 /* MenuController.swift */; };
		B65D1B332384CC2800B30015 /* Protocols.swift in Sources */ = {isa = PBXBuildFile; fileRef = B65D1B322384CC2800B30015 /* Protocols.swift */; };
		B6678279238651480024CE85 /* TextFormatter.swift in Sources */ = {isa = PBXBuildFile; fileRef = B6678278238651480024CE85 /* TextFormatter.swift */; };
		B667827B238664620024CE85 /* EmitenteController.swift in Sources */ = {isa = PBXBuildFile; fileRef = B667827A238664620024CE85 /* EmitenteController.swift */; };
		B668B6002385C0490044AF14 /* CardController.swift in Sources */ = {isa = PBXBuildFile; fileRef = B668B5FF2385C0490044AF14 /* CardController.swift */; };
		B668B6032385D07D0044AF14 /* Lines.swift in Sources */ = {isa = PBXBuildFile; fileRef = B668B6022385D07D0044AF14 /* Lines.swift */; };
/* End PBXBuildFile section */

/* Begin PBXFileReference section */
		B652459C23874C50001A5E7F /* ContaController.swift */ = {isa = PBXFileReference; lastKnownFileType = sourcecode.swift; path = ContaController.swift; sourceTree = "<group>"; };
		B652459E23874C5D001A5E7F /* ReceitaController.swift */ = {isa = PBXFileReference; lastKnownFileType = sourcecode.swift; path = ReceitaController.swift; sourceTree = "<group>"; };
		B65245A023874C6C001A5E7F /* DespesaController.swift */ = {isa = PBXFileReference; lastKnownFileType = sourcecode.swift; path = DespesaController.swift; sourceTree = "<group>"; };
		B65245A223874C81001A5E7F /* CategoriaController.swift */ = {isa = PBXFileReference; lastKnownFileType = sourcecode.swift; path = CategoriaController.swift; sourceTree = "<group>"; };
		B65245A423874C9B001A5E7F /* OrcamentoController.swift */ = {isa = PBXFileReference; lastKnownFileType = sourcecode.swift; path = OrcamentoController.swift; sourceTree = "<group>"; };
		B65245A623874D04001A5E7F /* GraficoController.swift */ = {isa = PBXFileReference; lastKnownFileType = sourcecode.swift; path = GraficoController.swift; sourceTree = "<group>"; };
		B65245A823874D10001A5E7F /* MovimentacaoController.swift */ = {isa = PBXFileReference; lastKnownFileType = sourcecode.swift; path = MovimentacaoController.swift; sourceTree = "<group>"; };
		B6524644238ECBE900E3A848 /* Months.swift */ = {isa = PBXFileReference; lastKnownFileType = sourcecode.swift; path = Months.swift; sourceTree = "<group>"; };
		B65AD5482384FBB000A5F221 /* MenuOptionCell.swift */ = {isa = PBXFileReference; lastKnownFileType = sourcecode.swift; path = MenuOptionCell.swift; sourceTree = "<group>"; };
		B65AD54A2385159D00A5F221 /* MenuOption.swift */ = {isa = PBXFileReference; lastKnownFileType = sourcecode.swift; path = MenuOption.swift; sourceTree = "<group>"; };
		B65D1B0D2384B9FD00B30015 /* SaveMoney.app */ = {isa = PBXFileReference; explicitFileType = wrapper.application; includeInIndex = 0; path = SaveMoney.app; sourceTree = BUILT_PRODUCTS_DIR; };
		B65D1B102384B9FD00B30015 /* AppDelegate.swift */ = {isa = PBXFileReference; lastKnownFileType = sourcecode.swift; path = AppDelegate.swift; sourceTree = "<group>"; };
		B65D1B122384B9FD00B30015 /* SceneDelegate.swift */ = {isa = PBXFileReference; lastKnownFileType = sourcecode.swift; path = SceneDelegate.swift; sourceTree = "<group>"; };
		B65D1B1A2384B9FD00B30015 /* SaveMoney.xcdatamodel */ = {isa = PBXFileReference; lastKnownFileType = wrapper.xcdatamodel; path = SaveMoney.xcdatamodel; sourceTree = "<group>"; };
		B65D1B1C2384BA0000B30015 /* Assets.xcassets */ = {isa = PBXFileReference; lastKnownFileType = folder.assetcatalog; path = Assets.xcassets; sourceTree = "<group>"; };
		B65D1B1F2384BA0000B30015 /* Base */ = {isa = PBXFileReference; lastKnownFileType = file.storyboard; name = Base; path = Base.lproj/LaunchScreen.storyboard; sourceTree = "<group>"; };
		B65D1B212384BA0000B30015 /* Info.plist */ = {isa = PBXFileReference; lastKnownFileType = text.plist.xml; path = Info.plist; sourceTree = "<group>"; };
		B65D1B2C2384BB4600B30015 /* ContainerController.swift */ = {isa = PBXFileReference; lastKnownFileType = sourcecode.swift; path = ContainerController.swift; sourceTree = "<group>"; };
		B65D1B2E2384BB5800B30015 /* HomeController.swift */ = {isa = PBXFileReference; lastKnownFileType = sourcecode.swift; path = HomeController.swift; sourceTree = "<group>"; };
		B65D1B302384BB6400B30015 /* MenuController.swift */ = {isa = PBXFileReference; lastKnownFileType = sourcecode.swift; path = MenuController.swift; sourceTree = "<group>"; };
		B65D1B322384CC2800B30015 /* Protocols.swift */ = {isa = PBXFileReference; lastKnownFileType = sourcecode.swift; path = Protocols.swift; sourceTree = "<group>"; };
		B6678278238651480024CE85 /* TextFormatter.swift */ = {isa = PBXFileReference; lastKnownFileType = sourcecode.swift; path = TextFormatter.swift; sourceTree = "<group>"; };
		B667827A238664620024CE85 /* EmitenteController.swift */ = {isa = PBXFileReference; lastKnownFileType = sourcecode.swift; path = EmitenteController.swift; sourceTree = "<group>"; };
		B668B5FF2385C0490044AF14 /* CardController.swift */ = {isa = PBXFileReference; lastKnownFileType = sourcecode.swift; path = CardController.swift; sourceTree = "<group>"; };
		B668B6022385D07D0044AF14 /* Lines.swift */ = {isa = PBXFileReference; lastKnownFileType = sourcecode.swift; path = Lines.swift; sourceTree = "<group>"; };
/* End PBXFileReference section */

/* Begin PBXFrameworksBuildPhase section */
		B65D1B0A2384B9FD00B30015 /* Frameworks */ = {
			isa = PBXFrameworksBuildPhase;
			buildActionMask = 2147483647;
			files = (
			);
			runOnlyForDeploymentPostprocessing = 0;
		};
/* End PBXFrameworksBuildPhase section */

/* Begin PBXGroup section */
		B65D1B042384B9FD00B30015 = {
			isa = PBXGroup;
			children = (
				B65D1B0F2384B9FD00B30015 /* SaveMoney */,
				B65D1B0E2384B9FD00B30015 /* Products */,
			);
			sourceTree = "<group>";
		};
		B65D1B0E2384B9FD00B30015 /* Products */ = {
			isa = PBXGroup;
			children = (
				B65D1B0D2384B9FD00B30015 /* SaveMoney.app */,
			);
			name = Products;
			sourceTree = "<group>";
		};
		B65D1B0F2384B9FD00B30015 /* SaveMoney */ = {
			isa = PBXGroup;
			children = (
				B65D1B2A2384BA1A00B30015 /* Utils */,
				B65D1B292384BA1800B30015 /* Model */,
				B65D1B282384BA1500B30015 /* View */,
				B65D1B272384BA1300B30015 /* Controller */,
				B65D1B2B2384BA6700B30015 /* Supporting Files */,
			);
			path = SaveMoney;
			sourceTree = "<group>";
		};
		B65D1B272384BA1300B30015 /* Controller */ = {
			isa = PBXGroup;
			children = (
				B65D1B2C2384BB4600B30015 /* ContainerController.swift */,
				B65D1B2E2384BB5800B30015 /* HomeController.swift */,
				B65D1B302384BB6400B30015 /* MenuController.swift */,
				B668B5FF2385C0490044AF14 /* CardController.swift */,
				B667827A238664620024CE85 /* EmitenteController.swift */,
				B652459C23874C50001A5E7F /* ContaController.swift */,
				B65245A223874C81001A5E7F /* CategoriaController.swift */,
				B65245A023874C6C001A5E7F /* DespesaController.swift */,
				B652459E23874C5D001A5E7F /* ReceitaController.swift */,
				B65245A423874C9B001A5E7F /* OrcamentoController.swift */,
				B65245A623874D04001A5E7F /* GraficoController.swift */,
				B65245A823874D10001A5E7F /* MovimentacaoController.swift */,
			);
			path = Controller;
			sourceTree = "<group>";
		};
		B65D1B282384BA1500B30015 /* View */ = {
			isa = PBXGroup;
			children = (
				B65AD5482384FBB000A5F221 /* MenuOptionCell.swift */,
			);
			path = View;
			sourceTree = "<group>";
		};
		B65D1B292384BA1800B30015 /* Model */ = {
			isa = PBXGroup;
			children = (
				B65AD54A2385159D00A5F221 /* MenuOption.swift */,
				B6524644238ECBE900E3A848 /* Months.swift */,
			);
			path = Model;
			sourceTree = "<group>";
		};
		B65D1B2A2384BA1A00B30015 /* Utils */ = {
			isa = PBXGroup;
			children = (
				B65D1B322384CC2800B30015 /* Protocols.swift */,
			);
			path = Utils;
			sourceTree = "<group>";
		};
		B65D1B2B2384BA6700B30015 /* Supporting Files */ = {
			isa = PBXGroup;
			children = (
				B668B6012385D0670044AF14 /* Others */,
				B65D1B102384B9FD00B30015 /* AppDelegate.swift */,
				B65D1B122384B9FD00B30015 /* SceneDelegate.swift */,
				B65D1B1C2384BA0000B30015 /* Assets.xcassets */,
				B65D1B1E2384BA0000B30015 /* LaunchScreen.storyboard */,
				B65D1B212384BA0000B30015 /* Info.plist */,
				B65D1B192384B9FD00B30015 /* SaveMoney.xcdatamodeld */,
			);
			path = "Supporting Files";
			sourceTree = "<group>";
		};
		B668B6012385D0670044AF14 /* Others */ = {
			isa = PBXGroup;
			children = (
				B668B6022385D07D0044AF14 /* Lines.swift */,
				B6678278238651480024CE85 /* TextFormatter.swift */,
			);
			path = Others;
			sourceTree = "<group>";
		};
/* End PBXGroup section */

/* Begin PBXNativeTarget section */
		B65D1B0C2384B9FD00B30015 /* SaveMoney */ = {
			isa = PBXNativeTarget;
			buildConfigurationList = B65D1B242384BA0000B30015 /* Build configuration list for PBXNativeTarget "SaveMoney" */;
			buildPhases = (
				B65D1B092384B9FD00B30015 /* Sources */,
				B65D1B0A2384B9FD00B30015 /* Frameworks */,
				B65D1B0B2384B9FD00B30015 /* Resources */,
			);
			buildRules = (
			);
			dependencies = (
			);
			name = SaveMoney;
			productName = SaveMoney;
			productReference = B65D1B0D2384B9FD00B30015 /* SaveMoney.app */;
			productType = "com.apple.product-type.application";
		};
/* End PBXNativeTarget section */

/* Begin PBXProject section */
		B65D1B052384B9FD00B30015 /* Project object */ = {
			isa = PBXProject;
			attributes = {
				LastSwiftUpdateCheck = 1120;
				LastUpgradeCheck = 1120;
				ORGANIZATIONNAME = "Kelvin Batista Machado";
				TargetAttributes = {
					B65D1B0C2384B9FD00B30015 = {
						CreatedOnToolsVersion = 11.2.1;
					};
				};
			};
			buildConfigurationList = B65D1B082384B9FD00B30015 /* Build configuration list for PBXProject "SaveMoney" */;
			compatibilityVersion = "Xcode 9.3";
			developmentRegion = en;
			hasScannedForEncodings = 0;
			knownRegions = (
				en,
				Base,
			);
			mainGroup = B65D1B042384B9FD00B30015;
			productRefGroup = B65D1B0E2384B9FD00B30015 /* Products */;
			projectDirPath = "";
			projectRoot = "";
			targets = (
				B65D1B0C2384B9FD00B30015 /* SaveMoney */,
			);
		};
/* End PBXProject section */

/* Begin PBXResourcesBuildPhase section */
		B65D1B0B2384B9FD00B30015 /* Resources */ = {
			isa = PBXResourcesBuildPhase;
			buildActionMask = 2147483647;
			files = (
				B65D1B202384BA0000B30015 /* LaunchScreen.storyboard in Resources */,
				B65D1B1D2384BA0000B30015 /* Assets.xcassets in Resources */,
			);
			runOnlyForDeploymentPostprocessing = 0;
		};
/* End PBXResourcesBuildPhase section */

/* Begin PBXSourcesBuildPhase section */
		B65D1B092384B9FD00B30015 /* Sources */ = {
			isa = PBXSourcesBuildPhase;
			buildActionMask = 2147483647;
			files = (
				B65245A723874D04001A5E7F /* GraficoController.swift in Sources */,
				B65245A523874C9B001A5E7F /* OrcamentoController.swift in Sources */,
				B65D1B1B2384B9FD00B30015 /* SaveMoney.xcdatamodeld in Sources */,
				B65D1B112384B9FD00B30015 /* AppDelegate.swift in Sources */,
				B65D1B332384CC2800B30015 /* Protocols.swift in Sources */,
				B652459D23874C50001A5E7F /* ContaController.swift in Sources */,
				B6678279238651480024CE85 /* TextFormatter.swift in Sources */,
				B65D1B132384B9FD00B30015 /* SceneDelegate.swift in Sources */,
				B668B6002385C0490044AF14 /* CardController.swift in Sources */,
				B65AD54B2385159D00A5F221 /* MenuOption.swift in Sources */,
				B652459F23874C5D001A5E7F /* ReceitaController.swift in Sources */,
				B65D1B2D2384BB4600B30015 /* ContainerController.swift in Sources */,
				B667827B238664620024CE85 /* EmitenteController.swift in Sources */,
				B65245A123874C6C001A5E7F /* DespesaController.swift in Sources */,
				B65245A923874D10001A5E7F /* MovimentacaoController.swift in Sources */,
				B65AD5492384FBB000A5F221 /* MenuOptionCell.swift in Sources */,
				B668B6032385D07D0044AF14 /* Lines.swift in Sources */,
				B65245A323874C81001A5E7F /* CategoriaController.swift in Sources */,
				B65D1B312384BB6400B30015 /* MenuController.swift in Sources */,
				B6524645238ECBE900E3A848 /* Months.swift in Sources */,
				B65D1B2F2384BB5800B30015 /* HomeController.swift in Sources */,
			);
			runOnlyForDeploymentPostprocessing = 0;
		};
/* End PBXSourcesBuildPhase section */

/* Begin PBXVariantGroup section */
		B65D1B1E2384BA0000B30015 /* LaunchScreen.storyboard */ = {
			isa = PBXVariantGroup;
			children = (
				B65D1B1F2384BA0000B30015 /* Base */,
			);
			name = LaunchScreen.storyboard;
			sourceTree = "<group>";
		};
/* End PBXVariantGroup section */

/* Begin XCBuildConfiguration section */
		B65D1B222384BA0000B30015 /* Debug */ = {
			isa = XCBuildConfiguration;
			buildSettings = {
				ALWAYS_SEARCH_USER_PATHS = NO;
				CLANG_ANALYZER_NONNULL = YES;
				CLANG_ANALYZER_NUMBER_OBJECT_CONVERSION = YES_AGGRESSIVE;
				CLANG_CXX_LANGUAGE_STANDARD = "gnu++14";
				CLANG_CXX_LIBRARY = "libc++";
				CLANG_ENABLE_MODULES = YES;
				CLANG_ENABLE_OBJC_ARC = YES;
				CLANG_ENABLE_OBJC_WEAK = YES;
				CLANG_WARN_BLOCK_CAPTURE_AUTORELEASING = YES;
				CLANG_WARN_BOOL_CONVERSION = YES;
				CLANG_WARN_COMMA = YES;
				CLANG_WARN_CONSTANT_CONVERSION = YES;
				CLANG_WARN_DEPRECATED_OBJC_IMPLEMENTATIONS = YES;
				CLANG_WARN_DIRECT_OBJC_ISA_USAGE = YES_ERROR;
				CLANG_WARN_DOCUMENTATION_COMMENTS = YES;
				CLANG_WARN_EMPTY_BODY = YES;
				CLANG_WARN_ENUM_CONVERSION = YES;
				CLANG_WARN_INFINITE_RECURSION = YES;
				CLANG_WARN_INT_CONVERSION = YES;
				CLANG_WARN_NON_LITERAL_NULL_CONVERSION = YES;
				CLANG_WARN_OBJC_IMPLICIT_RETAIN_SELF = YES;
				CLANG_WARN_OBJC_LITERAL_CONVERSION = YES;
				CLANG_WARN_OBJC_ROOT_CLASS = YES_ERROR;
				CLANG_WARN_RANGE_LOOP_ANALYSIS = YES;
				CLANG_WARN_STRICT_PROTOTYPES = YES;
				CLANG_WARN_SUSPICIOUS_MOVE = YES;
				CLANG_WARN_UNGUARDED_AVAILABILITY = YES_AGGRESSIVE;
				CLANG_WARN_UNREACHABLE_CODE = YES;
				CLANG_WARN__DUPLICATE_METHOD_MATCH = YES;
				COPY_PHASE_STRIP = NO;
				DEBUG_INFORMATION_FORMAT = dwarf;
				ENABLE_STRICT_OBJC_MSGSEND = YES;
				ENABLE_TESTABILITY = YES;
				GCC_C_LANGUAGE_STANDARD = gnu11;
				GCC_DYNAMIC_NO_PIC = NO;
				GCC_NO_COMMON_BLOCKS = YES;
				GCC_OPTIMIZATION_LEVEL = 0;
				GCC_PREPROCESSOR_DEFINITIONS = (
					"DEBUG=1",
					"$(inherited)",
				);
				GCC_WARN_64_TO_32_BIT_CONVERSION = YES;
				GCC_WARN_ABOUT_RETURN_TYPE = YES_ERROR;
				GCC_WARN_UNDECLARED_SELECTOR = YES;
				GCC_WARN_UNINITIALIZED_AUTOS = YES_AGGRESSIVE;
				GCC_WARN_UNUSED_FUNCTION = YES;
				GCC_WARN_UNUSED_VARIABLE = YES;
				IPHONEOS_DEPLOYMENT_TARGET = 13.2;
				MTL_ENABLE_DEBUG_INFO = INCLUDE_SOURCE;
				MTL_FAST_MATH = YES;
				ONLY_ACTIVE_ARCH = YES;
				SDKROOT = iphoneos;
				SWIFT_ACTIVE_COMPILATION_CONDITIONS = DEBUG;
				SWIFT_OPTIMIZATION_LEVEL = "-Onone";
			};
			name = Debug;
		};
		B65D1B232384BA0000B30015 /* Release */ = {
			isa = XCBuildConfiguration;
			buildSettings = {
				ALWAYS_SEARCH_USER_PATHS = NO;
				CLANG_ANALYZER_NONNULL = YES;
				CLANG_ANALYZER_NUMBER_OBJECT_CONVERSION = YES_AGGRESSIVE;
				CLANG_CXX_LANGUAGE_STANDARD = "gnu++14";
				CLANG_CXX_LIBRARY = "libc++";
				CLANG_ENABLE_MODULES = YES;
				CLANG_ENABLE_OBJC_ARC = YES;
				CLANG_ENABLE_OBJC_WEAK = YES;
				CLANG_WARN_BLOCK_CAPTURE_AUTORELEASING = YES;
				CLANG_WARN_BOOL_CONVERSION = YES;
				CLANG_WARN_COMMA = YES;
				CLANG_WARN_CONSTANT_CONVERSION = YES;
				CLANG_WARN_DEPRECATED_OBJC_IMPLEMENTATIONS = YES;
				CLANG_WARN_DIRECT_OBJC_ISA_USAGE = YES_ERROR;
				CLANG_WARN_DOCUMENTATION_COMMENTS = YES;
				CLANG_WARN_EMPTY_BODY = YES;
				CLANG_WARN_ENUM_CONVERSION = YES;
				CLANG_WARN_INFINITE_RECURSION = YES;
				CLANG_WARN_INT_CONVERSION = YES;
				CLANG_WARN_NON_LITERAL_NULL_CONVERSION = YES;
				CLANG_WARN_OBJC_IMPLICIT_RETAIN_SELF = YES;
				CLANG_WARN_OBJC_LITERAL_CONVERSION = YES;
				CLANG_WARN_OBJC_ROOT_CLASS = YES_ERROR;
				CLANG_WARN_RANGE_LOOP_ANALYSIS = YES;
				CLANG_WARN_STRICT_PROTOTYPES = YES;
				CLANG_WARN_SUSPICIOUS_MOVE = YES;
				CLANG_WARN_UNGUARDED_AVAILABILITY = YES_AGGRESSIVE;
				CLANG_WARN_UNREACHABLE_CODE = YES;
				CLANG_WARN__DUPLICATE_METHOD_MATCH = YES;
				COPY_PHASE_STRIP = NO;
				DEBUG_INFORMATION_FORMAT = "dwarf-with-dsym";
				ENABLE_NS_ASSERTIONS = NO;
				ENABLE_STRICT_OBJC_MSGSEND = YES;
				GCC_C_LANGUAGE_STANDARD = gnu11;
				GCC_NO_COMMON_BLOCKS = YES;
				GCC_WARN_64_TO_32_BIT_CONVERSION = YES;
				GCC_WARN_ABOUT_RETURN_TYPE = YES_ERROR;
				GCC_WARN_UNDECLARED_SELECTOR = YES;
				GCC_WARN_UNINITIALIZED_AUTOS = YES_AGGRESSIVE;
				GCC_WARN_UNUSED_FUNCTION = YES;
				GCC_WARN_UNUSED_VARIABLE = YES;
				IPHONEOS_DEPLOYMENT_TARGET = 13.2;
				MTL_ENABLE_DEBUG_INFO = NO;
				MTL_FAST_MATH = YES;
				SDKROOT = iphoneos;
				SWIFT_COMPILATION_MODE = wholemodule;
				SWIFT_OPTIMIZATION_LEVEL = "-O";
				VALIDATE_PRODUCT = YES;
			};
			name = Release;
		};
		B65D1B252384BA0000B30015 /* Debug */ = {
			isa = XCBuildConfiguration;
			buildSettings = {
				ASSETCATALOG_COMPILER_APPICON_NAME = AppIcon;
				CODE_SIGN_STYLE = Automatic;
				DEVELOPMENT_TEAM = 2FXPMLN8LH;
				INFOPLIST_FILE = "SaveMoney/Supporting Files/Info.plist";
				LD_RUNPATH_SEARCH_PATHS = (
					"$(inherited)",
					"@executable_path/Frameworks",
				);
				PRODUCT_BUNDLE_IDENTIFIER = com.projects.kelvinmachado.SaveMoney;
				PRODUCT_NAME = "$(TARGET_NAME)";
				SWIFT_VERSION = 5.0;
				TARGETED_DEVICE_FAMILY = "1,2";
			};
			name = Debug;
		};
		B65D1B262384BA0000B30015 /* Release */ = {
			isa = XCBuildConfiguration;
			buildSettings = {
				ASSETCATALOG_COMPILER_APPICON_NAME = AppIcon;
				CODE_SIGN_STYLE = Automatic;
				DEVELOPMENT_TEAM = 2FXPMLN8LH;
				INFOPLIST_FILE = "SaveMoney/Supporting Files/Info.plist";
				LD_RUNPATH_SEARCH_PATHS = (
					"$(inherited)",
					"@executable_path/Frameworks",
				);
				PRODUCT_BUNDLE_IDENTIFIER = com.projects.kelvinmachado.SaveMoney;
				PRODUCT_NAME = "$(TARGET_NAME)";
				SWIFT_VERSION = 5.0;
				TARGETED_DEVICE_FAMILY = "1,2";
			};
			name = Release;
		};
/* End XCBuildConfiguration section */

/* Begin XCConfigurationList section */
		B65D1B082384B9FD00B30015 /* Build configuration list for PBXProject "SaveMoney" */ = {
			isa = XCConfigurationList;
			buildConfigurations = (
				B65D1B222384BA0000B30015 /* Debug */,
				B65D1B232384BA0000B30015 /* Release */,
			);
			defaultConfigurationIsVisible = 0;
			defaultConfigurationName = Release;
		};
		B65D1B242384BA0000B30015 /* Build configuration list for PBXNativeTarget "SaveMoney" */ = {
			isa = XCConfigurationList;
			buildConfigurations = (
				B65D1B252384BA0000B30015 /* Debug */,
				B65D1B262384BA0000B30015 /* Release */,
			);
			defaultConfigurationIsVisible = 0;
			defaultConfigurationName = Release;
		};
/* End XCConfigurationList section */

/* Begin XCVersionGroup section */
		B65D1B192384B9FD00B30015 /* SaveMoney.xcdatamodeld */ = {
			isa = XCVersionGroup;
			children = (
				B65D1B1A2384B9FD00B30015 /* SaveMoney.xcdatamodel */,
			);
			currentVersion = B65D1B1A2384B9FD00B30015 /* SaveMoney.xcdatamodel */;
			path = SaveMoney.xcdatamodeld;
			sourceTree = "<group>";
			versionGroupType = wrapper.xcdatamodel;
		};
/* End XCVersionGroup section */
	};
	rootObject = B65D1B052384B9FD00B30015 /* Project object */;
}
